
Microsoft Visual Studio Solution File, Format Version 12.00
# Visual Studio 15
VisualStudioVersion = 15.0.28010.2026
MinimumVisualStudioVersion = 10.0.40219.1
Project("{FAE04EC0-301F-11D3-BF4B-00C04F79EFBC}") = "Promotion", "Promotion\Promotion.csproj", "{045DDCEA-D5E3-4F38-95DB-5C2F774C0FC5}"
EndProject
Global
	GlobalSection(SolutionConfigurationPlatforms) = preSolution
		Debug|Any CPU = Debug|Any CPU
		Release|Any CPU = Release|Any CPU
	EndGlobalSection
	GlobalSection(ProjectConfigurationPlatforms) = postSolution
		{045DDCEA-D5E3-4F38-95DB-5C2F774C0FC5}.Debug|Any CPU.ActiveCfg = Debug|Any CPU
		{045DDCEA-D5E3-4F38-95DB-5C2F774C0FC5}.Debug|Any CPU.Build.0 = Debug|Any CPU
		{045DDCEA-D5E3-4F38-95DB-5C2F774C0FC5}.Release|Any CPU.ActiveCfg = Release|Any CPU
		{045DDCEA-D5E3-4F38-95DB-5C2F774C0FC5}.Release|Any CPU.Build.0 = Release|Any CPU
	EndGlobalSection
	GlobalSection(SolutionProperties) = preSolution
		HideSolutionNode = FALSE
	EndGlobalSection
	GlobalSection(ExtensibilityGlobals) = postSolution
		SolutionGuid = {91E670D1-5FFF-4427-92A9-FB116068CC45}
	EndGlobalSection
EndGlobal
